// !$*UTF8*$!
{
	archiveVersion = 1;
	classes = {
	};
	objectVersion = 50;
	objects = {

/* Begin PBXBuildFile section */
		A0DF9B92216D5ADD0030F823 /* main.swift in Sources */ = {isa = PBXBuildFile; fileRef = A0DF9B91216D5ADD0030F823 /* main.swift */; };
		A0DF9B9C216D5D630030F823 /* Game.swift in Sources */ = {isa = PBXBuildFile; fileRef = A0DF9B9B216D5D630030F823 /* Game.swift */; };
		A0DF9B9E216D5D720030F823 /* Team.swift in Sources */ = {isa = PBXBuildFile; fileRef = A0DF9B9D216D5D720030F823 /* Team.swift */; };
		A0DF9BA1216D5D880030F823 /* Character.swift in Sources */ = {isa = PBXBuildFile; fileRef = A0DF9BA0216D5D880030F823 /* Character.swift */; };
		A0DF9BA3216D5D9F0030F823 /* Weapon.swift in Sources */ = {isa = PBXBuildFile; fileRef = A0DF9BA2216D5D9F0030F823 /* Weapon.swift */; };
		A0DF9BA5216D5DB00030F823 /* Dwarf.swift in Sources */ = {isa = PBXBuildFile; fileRef = A0DF9BA4216D5DB00030F823 /* Dwarf.swift */; };
		A0DF9BA9216D5DD10030F823 /* Warrior.swift in Sources */ = {isa = PBXBuildFile; fileRef = A0DF9BA8216D5DD10030F823 /* Warrior.swift */; };
		A0DF9BAB216D5DE10030F823 /* Tank.swift in Sources */ = {isa = PBXBuildFile; fileRef = A0DF9BAA216D5DE10030F823 /* Tank.swift */; };
		A0DF9BAD216D5E050030F823 /* Wizard.swift in Sources */ = {isa = PBXBuildFile; fileRef = A0DF9BAC216D5E050030F823 /* Wizard.swift */; };
		A0DF9BAF216D5E1B0030F823 /* Axe.swift in Sources */ = {isa = PBXBuildFile; fileRef = A0DF9BAE216D5E1B0030F823 /* Axe.swift */; };
		A0DF9BB1216D5E2F0030F823 /* Sword.swift in Sources */ = {isa = PBXBuildFile; fileRef = A0DF9BB0216D5E2F0030F823 /* Sword.swift */; };
		A0DF9BB3216D5E400030F823 /* Hammer.swift in Sources */ = {isa = PBXBuildFile; fileRef = A0DF9BB2216D5E400030F823 /* Hammer.swift */; };
		A0DF9BB5216D5E550030F823 /* Stick.swift in Sources */ = {isa = PBXBuildFile; fileRef = A0DF9BB4216D5E550030F823 /* Stick.swift */; };
/* End PBXBuildFile section */

/* Begin PBXCopyFilesBuildPhase section */
		A0DF9B8C216D5ADD0030F823 /* CopyFiles */ = {
			isa = PBXCopyFilesBuildPhase;
			buildActionMask = 2147483647;
			dstPath = /usr/share/man/man1/;
			dstSubfolderSpec = 0;
			files = (
			);
			runOnlyForDeploymentPostprocessing = 1;
		};
/* End PBXCopyFilesBuildPhase section */

/* Begin PBXFileReference section */
		A0DF9B8E216D5ADD0030F823 /* Projet_P3 */ = {isa = PBXFileReference; explicitFileType = "compiled.mach-o.executable"; includeInIndex = 0; path = Projet_P3; sourceTree = BUILT_PRODUCTS_DIR; };
		A0DF9B91216D5ADD0030F823 /* main.swift */ = {isa = PBXFileReference; lastKnownFileType = sourcecode.swift; path = main.swift; sourceTree = "<group>"; };
		A0DF9B9B216D5D630030F823 /* Game.swift */ = {isa = PBXFileReference; lastKnownFileType = sourcecode.swift; path = Game.swift; sourceTree = "<group>"; };
		A0DF9B9D216D5D720030F823 /* Team.swift */ = {isa = PBXFileReference; lastKnownFileType = sourcecode.swift; path = Team.swift; sourceTree = "<group>"; };
		A0DF9BA0216D5D880030F823 /* Character.swift */ = {isa = PBXFileReference; lastKnownFileType = sourcecode.swift; path = Character.swift; sourceTree = "<group>"; };
		A0DF9BA2216D5D9F0030F823 /* Weapon.swift */ = {isa = PBXFileReference; lastKnownFileType = sourcecode.swift; path = Weapon.swift; sourceTree = "<group>"; };
		A0DF9BA4216D5DB00030F823 /* Dwarf.swift */ = {isa = PBXFileReference; lastKnownFileType = sourcecode.swift; path = Dwarf.swift; sourceTree = "<group>"; };
		A0DF9BA8216D5DD10030F823 /* Warrior.swift */ = {isa = PBXFileReference; lastKnownFileType = sourcecode.swift; path = Warrior.swift; sourceTree = "<group>"; };
		A0DF9BAA216D5DE10030F823 /* Tank.swift */ = {isa = PBXFileReference; lastKnownFileType = sourcecode.swift; path = Tank.swift; sourceTree = "<group>"; };
		A0DF9BAC216D5E050030F823 /* Wizard.swift */ = {isa = PBXFileReference; lastKnownFileType = sourcecode.swift; path = Wizard.swift; sourceTree = "<group>"; };
		A0DF9BAE216D5E1B0030F823 /* Axe.swift */ = {isa = PBXFileReference; lastKnownFileType = sourcecode.swift; path = Axe.swift; sourceTree = "<group>"; };
		A0DF9BB0216D5E2F0030F823 /* Sword.swift */ = {isa = PBXFileReference; lastKnownFileType = sourcecode.swift; path = Sword.swift; sourceTree = "<group>"; };
		A0DF9BB2216D5E400030F823 /* Hammer.swift */ = {isa = PBXFileReference; lastKnownFileType = sourcecode.swift; path = Hammer.swift; sourceTree = "<group>"; };
		A0DF9BB4216D5E550030F823 /* Stick.swift */ = {isa = PBXFileReference; lastKnownFileType = sourcecode.swift; path = Stick.swift; sourceTree = "<group>"; };
/* End PBXFileReference section */

/* Begin PBXFrameworksBuildPhase section */
		A0DF9B8B216D5ADD0030F823 /* Frameworks */ = {
			isa = PBXFrameworksBuildPhase;
			buildActionMask = 2147483647;
			files = (
			);
			runOnlyForDeploymentPostprocessing = 0;
		};
/* End PBXFrameworksBuildPhase section */

/* Begin PBXGroup section */
		A0DF9B85216D5ADD0030F823 = {
			isa = PBXGroup;
			children = (
				A0DF9B90216D5ADD0030F823 /* Projet_P3 */,
				A0DF9B8F216D5ADD0030F823 /* Products */,
			);
			sourceTree = "<group>";
		};
		A0DF9B8F216D5ADD0030F823 /* Products */ = {
			isa = PBXGroup;
			children = (
				A0DF9B8E216D5ADD0030F823 /* Projet_P3 */,
			);
			name = Products;
			sourceTree = "<group>";
		};
		A0DF9B90216D5ADD0030F823 /* Projet_P3 */ = {
			isa = PBXGroup;
			children = (
				A0DF9B99216D5D440030F823 /* Character */,
				A0DF9B98216D5D350030F823 /* Weapons */,
				A0DF9B91216D5ADD0030F823 /* main.swift */,
				A0DF9B9B216D5D630030F823 /* Game.swift */,
				A0DF9B9D216D5D720030F823 /* Team.swift */,
				A0DF9BA0216D5D880030F823 /* Character.swift */,
				A0DF9BA2216D5D9F0030F823 /* Weapon.swift */,
			);
			path = Projet_P3;
			sourceTree = "<group>";
		};
		A0DF9B98216D5D350030F823 /* Weapons */ = {
			isa = PBXGroup;
			children = (
				A0DF9BAE216D5E1B0030F823 /* Axe.swift */,
				A0DF9BB0216D5E2F0030F823 /* Sword.swift */,
				A0DF9BB2216D5E400030F823 /* Hammer.swift */,
				A0DF9BB4216D5E550030F823 /* Stick.swift */,
			);
			path = Weapons;
			sourceTree = "<group>";
		};
		A0DF9B99216D5D440030F823 /* Character */ = {
			isa = PBXGroup;
			children = (
				A0DF9BA4216D5DB00030F823 /* Dwarf.swift */,
				A0DF9BA8216D5DD10030F823 /* Warrior.swift */,
				A0DF9BAA216D5DE10030F823 /* Tank.swift */,
				A0DF9BAC216D5E050030F823 /* Wizard.swift */,
			);
			path = Character;
			sourceTree = "<group>";
		};
/* End PBXGroup section */

/* Begin PBXNativeTarget section */
		A0DF9B8D216D5ADD0030F823 /* Projet_P3 */ = {
			isa = PBXNativeTarget;
			buildConfigurationList = A0DF9B95216D5ADD0030F823 /* Build configuration list for PBXNativeTarget "Projet_P3" */;
			buildPhases = (
				A0DF9B8A216D5ADD0030F823 /* Sources */,
				A0DF9B8B216D5ADD0030F823 /* Frameworks */,
				A0DF9B8C216D5ADD0030F823 /* CopyFiles */,
			);
			buildRules = (
			);
			dependencies = (
			);
			name = Projet_P3;
			productName = Projet_P3;
			productReference = A0DF9B8E216D5ADD0030F823 /* Projet_P3 */;
			productType = "com.apple.product-type.tool";
		};
/* End PBXNativeTarget section */

/* Begin PBXProject section */
		A0DF9B86216D5ADD0030F823 /* Project object */ = {
			isa = PBXProject;
			attributes = {
				LastSwiftUpdateCheck = 1000;
				LastUpgradeCheck = 1000;
				ORGANIZATIONNAME = "Marques Lucas";
				TargetAttributes = {
					A0DF9B8D216D5ADD0030F823 = {
						CreatedOnToolsVersion = 10.0;
					};
				};
			};
			buildConfigurationList = A0DF9B89216D5ADD0030F823 /* Build configuration list for PBXProject "Projet_P3" */;
			compatibilityVersion = "Xcode 9.3";
			developmentRegion = en;
			hasScannedForEncodings = 0;
			knownRegions = (
				en,
			);
			mainGroup = A0DF9B85216D5ADD0030F823;
			productRefGroup = A0DF9B8F216D5ADD0030F823 /* Products */;
			projectDirPath = "";
			projectRoot = "";
			targets = (
				A0DF9B8D216D5ADD0030F823 /* Projet_P3 */,
			);
		};
/* End PBXProject section */

/* Begin PBXSourcesBuildPhase section */
		A0DF9B8A216D5ADD0030F823 /* Sources */ = {
			isa = PBXSourcesBuildPhase;
			buildActionMask = 2147483647;
			files = (
				A0DF9BB5216D5E550030F823 /* Stick.swift in Sources */,
				A0DF9BA3216D5D9F0030F823 /* Weapon.swift in Sources */,
				A0DF9BAD216D5E050030F823 /* Wizard.swift in Sources */,
				A0DF9BAF216D5E1B0030F823 /* Axe.swift in Sources */,
				A0DF9B9E216D5D720030F823 /* Team.swift in Sources */,
				A0DF9BA5216D5DB00030F823 /* Dwarf.swift in Sources */,
				A0DF9BB1216D5E2F0030F823 /* Sword.swift in Sources */,
				A0DF9B92216D5ADD0030F823 /* main.swift in Sources */,
				A0DF9B9C216D5D630030F823 /* Game.swift in Sources */,
				A0DF9BA9216D5DD10030F823 /* Warrior.swift in Sources */,
				A0DF9BB3216D5E400030F823 /* Hammer.swift in Sources */,
				A0DF9BAB216D5DE10030F823 /* Tank.swift in Sources */,
				A0DF9BA1216D5D880030F823 /* Character.swift in Sources */,
			);
			runOnlyForDeploymentPostprocessing = 0;
		};
/* End PBXSourcesBuildPhase section */

/* Begin XCBuildConfiguration section */
		A0DF9B93216D5ADD0030F823 /* Debug */ = {
			isa = XCBuildConfiguration;
			buildSettings = {
				ALWAYS_SEARCH_USER_PATHS = NO;
				CLANG_ANALYZER_NONNULL = YES;
				CLANG_ANALYZER_NUMBER_OBJECT_CONVERSION = YES_AGGRESSIVE;
				CLANG_CXX_LANGUAGE_STANDARD = "gnu++14";
				CLANG_CXX_LIBRARY = "libc++";
				CLANG_ENABLE_MODULES = YES;
				CLANG_ENABLE_OBJC_ARC = YES;
				CLANG_ENABLE_OBJC_WEAK = YES;
				CLANG_WARN_BLOCK_CAPTURE_AUTORELEASING = YES;
				CLANG_WARN_BOOL_CONVERSION = YES;
				CLANG_WARN_COMMA = YES;
				CLANG_WARN_CONSTANT_CONVERSION = YES;
				CLANG_WARN_DEPRECATED_OBJC_IMPLEMENTATIONS = YES;
				CLANG_WARN_DIRECT_OBJC_ISA_USAGE = YES_ERROR;
				CLANG_WARN_DOCUMENTATION_COMMENTS = YES;
				CLANG_WARN_EMPTY_BODY = YES;
				CLANG_WARN_ENUM_CONVERSION = YES;
				CLANG_WARN_INFINITE_RECURSION = YES;
				CLANG_WARN_INT_CONVERSION = YES;
				CLANG_WARN_NON_LITERAL_NULL_CONVERSION = YES;
				CLANG_WARN_OBJC_IMPLICIT_RETAIN_SELF = YES;
				CLANG_WARN_OBJC_LITERAL_CONVERSION = YES;
				CLANG_WARN_OBJC_ROOT_CLASS = YES_ERROR;
				CLANG_WARN_RANGE_LOOP_ANALYSIS = YES;
				CLANG_WARN_STRICT_PROTOTYPES = YES;
				CLANG_WARN_SUSPICIOUS_MOVE = YES;
				CLANG_WARN_UNGUARDED_AVAILABILITY = YES_AGGRESSIVE;
				CLANG_WARN_UNREACHABLE_CODE = YES;
				CLANG_WARN__DUPLICATE_METHOD_MATCH = YES;
				CODE_SIGN_IDENTITY = "-";
				COPY_PHASE_STRIP = NO;
				DEBUG_INFORMATION_FORMAT = dwarf;
				ENABLE_STRICT_OBJC_MSGSEND = YES;
				ENABLE_TESTABILITY = YES;
				GCC_C_LANGUAGE_STANDARD = gnu11;
				GCC_DYNAMIC_NO_PIC = NO;
				GCC_NO_COMMON_BLOCKS = YES;
				GCC_OPTIMIZATION_LEVEL = 0;
				GCC_PREPROCESSOR_DEFINITIONS = (
					"DEBUG=1",
					"$(inherited)",
				);
				GCC_WARN_64_TO_32_BIT_CONVERSION = YES;
				GCC_WARN_ABOUT_RETURN_TYPE = YES_ERROR;
				GCC_WARN_UNDECLARED_SELECTOR = YES;
				GCC_WARN_UNINITIALIZED_AUTOS = YES_AGGRESSIVE;
				GCC_WARN_UNUSED_FUNCTION = YES;
				GCC_WARN_UNUSED_VARIABLE = YES;
				MACOSX_DEPLOYMENT_TARGET = 10.14;
				MTL_ENABLE_DEBUG_INFO = INCLUDE_SOURCE;
				MTL_FAST_MATH = YES;
				ONLY_ACTIVE_ARCH = YES;
				SDKROOT = macosx;
				SWIFT_ACTIVE_COMPILATION_CONDITIONS = DEBUG;
				SWIFT_OPTIMIZATION_LEVEL = "-Onone";
			};
			name = Debug;
		};
		A0DF9B94216D5ADD0030F823 /* Release */ = {
			isa = XCBuildConfiguration;
			buildSettings = {
				ALWAYS_SEARCH_USER_PATHS = NO;
				CLANG_ANALYZER_NONNULL = YES;
				CLANG_ANALYZER_NUMBER_OBJECT_CONVERSION = YES_AGGRESSIVE;
				CLANG_CXX_LANGUAGE_STANDARD = "gnu++14";
				CLANG_CXX_LIBRARY = "libc++";
				CLANG_ENABLE_MODULES = YES;
				CLANG_ENABLE_OBJC_ARC = YES;
				CLANG_ENABLE_OBJC_WEAK = YES;
				CLANG_WARN_BLOCK_CAPTURE_AUTORELEASING = YES;
				CLANG_WARN_BOOL_CONVERSION = YES;
				CLANG_WARN_COMMA = YES;
				CLANG_WARN_CONSTANT_CONVERSION = YES;
				CLANG_WARN_DEPRECATED_OBJC_IMPLEMENTATIONS = YES;
				CLANG_WARN_DIRECT_OBJC_ISA_USAGE = YES_ERROR;
				CLANG_WARN_DOCUMENTATION_COMMENTS = YES;
				CLANG_WARN_EMPTY_BODY = YES;
				CLANG_WARN_ENUM_CONVERSION = YES;
				CLANG_WARN_INFINITE_RECURSION = YES;
				CLANG_WARN_INT_CONVERSION = YES;
				CLANG_WARN_NON_LITERAL_NULL_CONVERSION = YES;
				CLANG_WARN_OBJC_IMPLICIT_RETAIN_SELF = YES;
				CLANG_WARN_OBJC_LITERAL_CONVERSION = YES;
				CLANG_WARN_OBJC_ROOT_CLASS = YES_ERROR;
				CLANG_WARN_RANGE_LOOP_ANALYSIS = YES;
				CLANG_WARN_STRICT_PROTOTYPES = YES;
				CLANG_WARN_SUSPICIOUS_MOVE = YES;
				CLANG_WARN_UNGUARDED_AVAILABILITY = YES_AGGRESSIVE;
				CLANG_WARN_UNREACHABLE_CODE = YES;
				CLANG_WARN__DUPLICATE_METHOD_MATCH = YES;
				CODE_SIGN_IDENTITY = "-";
				COPY_PHASE_STRIP = NO;
				DEBUG_INFORMATION_FORMAT = "dwarf-with-dsym";
				ENABLE_NS_ASSERTIONS = NO;
				ENABLE_STRICT_OBJC_MSGSEND = YES;
				GCC_C_LANGUAGE_STANDARD = gnu11;
				GCC_NO_COMMON_BLOCKS = YES;
				GCC_WARN_64_TO_32_BIT_CONVERSION = YES;
				GCC_WARN_ABOUT_RETURN_TYPE = YES_ERROR;
				GCC_WARN_UNDECLARED_SELECTOR = YES;
				GCC_WARN_UNINITIALIZED_AUTOS = YES_AGGRESSIVE;
				GCC_WARN_UNUSED_FUNCTION = YES;
				GCC_WARN_UNUSED_VARIABLE = YES;
				MACOSX_DEPLOYMENT_TARGET = 10.14;
				MTL_ENABLE_DEBUG_INFO = NO;
				MTL_FAST_MATH = YES;
				SDKROOT = macosx;
				SWIFT_COMPILATION_MODE = wholemodule;
				SWIFT_OPTIMIZATION_LEVEL = "-O";
			};
			name = Release;
		};
		A0DF9B96216D5ADD0030F823 /* Debug */ = {
			isa = XCBuildConfiguration;
			buildSettings = {
				CODE_SIGN_STYLE = Automatic;
				PRODUCT_NAME = "$(TARGET_NAME)";
				SWIFT_VERSION = 4.2;
			};
			name = Debug;
		};
		A0DF9B97216D5ADD0030F823 /* Release */ = {
			isa = XCBuildConfiguration;
			buildSettings = {
				CODE_SIGN_STYLE = Automatic;
				PRODUCT_NAME = "$(TARGET_NAME)";
				SWIFT_VERSION = 4.2;
			};
			name = Release;
		};
/* End XCBuildConfiguration section */

/* Begin XCConfigurationList section */
		A0DF9B89216D5ADD0030F823 /* Build configuration list for PBXProject "Projet_P3" */ = {
			isa = XCConfigurationList;
			buildConfigurations = (
				A0DF9B93216D5ADD0030F823 /* Debug */,
				A0DF9B94216D5ADD0030F823 /* Release */,
			);
			defaultConfigurationIsVisible = 0;
			defaultConfigurationName = Release;
		};
		A0DF9B95216D5ADD0030F823 /* Build configuration list for PBXNativeTarget "Projet_P3" */ = {
			isa = XCConfigurationList;
			buildConfigurations = (
				A0DF9B96216D5ADD0030F823 /* Debug */,
				A0DF9B97216D5ADD0030F823 /* Release */,
			);
			defaultConfigurationIsVisible = 0;
			defaultConfigurationName = Release;
		};
/* End XCConfigurationList section */
	};
	rootObject = A0DF9B86216D5ADD0030F823 /* Project object */;
}
